dependencies:
- name: postgresql
  repository: https://charts.bitnami.com/bitnami
  version: 16.2.1
- name: postgresql-ha
  repository: https://charts.bitnami.com/bitnami
  version: 9.4.11
- name: redis
  repository: https://charts.bitnami.com/bitnami
  version: 20.3.0
digest: sha256:999a04accf89a3fe11a656322b1d31842eb488d227ba4e25d6f61b1ed0f12b26
generated: "2024-11-14T22:45:22.272672187Z"
